// !$*UTF8*$!
{
	archiveVersion = 1;
	classes = {
	};
	objectVersion = 56;
	objects = {

/* Begin PBXBuildFile section */
		777CBB562B275433000DC395 /* NetworkInterchangableApp.swift in Sources */ = {isa = PBXBuildFile; fileRef = 777CBB552B275433000DC395 /* NetworkInterchangableApp.swift */; };
		777CBB582B275433000DC395 /* ContentView.swift in Sources */ = {isa = PBXBuildFile; fileRef = 777CBB572B275433000DC395 /* ContentView.swift */; };
		777CBB5A2B275434000DC395 /* Assets.xcassets in Resources */ = {isa = PBXBuildFile; fileRef = 777CBB592B275434000DC395 /* Assets.xcassets */; };
		777CBB5D2B275434000DC395 /* Preview Assets.xcassets in Resources */ = {isa = PBXBuildFile; fileRef = 777CBB5C2B275434000DC395 /* Preview Assets.xcassets */; };
		777CBB652B275492000DC395 /* UserModel.swift in Sources */ = {isa = PBXBuildFile; fileRef = 777CBB642B275492000DC395 /* UserModel.swift */; };
		777CBB682B2754A5000DC395 /* Webservice.swift in Sources */ = {isa = PBXBuildFile; fileRef = 777CBB672B2754A5000DC395 /* Webservice.swift */; };
		777CBB6B2B276CFB000DC395 /* UserViewModel.swift in Sources */ = {isa = PBXBuildFile; fileRef = 777CBB6A2B276CFB000DC395 /* UserViewModel.swift */; };
		777CBB6E2B276E1E000DC395 /* Constants.swift in Sources */ = {isa = PBXBuildFile; fileRef = 777CBB6D2B276E1E000DC395 /* Constants.swift */; };
		777CBB702B27734F000DC395 /* users.json in Resources */ = {isa = PBXBuildFile; fileRef = 777CBB6F2B27734F000DC395 /* users.json */; };
		777CBB722B277367000DC395 /* Localservice.swift in Sources */ = {isa = PBXBuildFile; fileRef = 777CBB712B277367000DC395 /* Localservice.swift */; };
		777CBB742B2775B5000DC395 /* NetworkService.swift in Sources */ = {isa = PBXBuildFile; fileRef = 777CBB732B2775B5000DC395 /* NetworkService.swift */; };
/* End PBXBuildFile section */

/* Begin PBXFileReference section */
		777CBB522B275433000DC395 /* NetworkInterchangable.app */ = {isa = PBXFileReference; explicitFileType = wrapper.application; includeInIndex = 0; path = NetworkInterchangable.app; sourceTree = BUILT_PRODUCTS_DIR; };
		777CBB552B275433000DC395 /* NetworkInterchangableApp.swift */ = {isa = PBXFileReference; lastKnownFileType = sourcecode.swift; path = NetworkInterchangableApp.swift; sourceTree = "<group>"; };
		777CBB572B275433000DC395 /* ContentView.swift */ = {isa = PBXFileReference; lastKnownFileType = sourcecode.swift; path = ContentView.swift; sourceTree = "<group>"; };
		777CBB592B275434000DC395 /* Assets.xcassets */ = {isa = PBXFileReference; lastKnownFileType = folder.assetcatalog; path = Assets.xcassets; sourceTree = "<group>"; };
		777CBB5C2B275434000DC395 /* Preview Assets.xcassets */ = {isa = PBXFileReference; lastKnownFileType = folder.assetcatalog; path = "Preview Assets.xcassets"; sourceTree = "<group>"; };
		777CBB642B275492000DC395 /* UserModel.swift */ = {isa = PBXFileReference; lastKnownFileType = sourcecode.swift; path = UserModel.swift; sourceTree = "<group>"; };
		777CBB672B2754A5000DC395 /* Webservice.swift */ = {isa = PBXFileReference; lastKnownFileType = sourcecode.swift; path = Webservice.swift; sourceTree = "<group>"; };
		777CBB6A2B276CFB000DC395 /* UserViewModel.swift */ = {isa = PBXFileReference; lastKnownFileType = sourcecode.swift; path = UserViewModel.swift; sourceTree = "<group>"; };
		777CBB6D2B276E1E000DC395 /* Constants.swift */ = {isa = PBXFileReference; lastKnownFileType = sourcecode.swift; path = Constants.swift; sourceTree = "<group>"; };
		777CBB6F2B27734F000DC395 /* users.json */ = {isa = PBXFileReference; fileEncoding = 4; lastKnownFileType = text.json; path = users.json; sourceTree = "<group>"; };
		777CBB712B277367000DC395 /* Localservice.swift */ = {isa = PBXFileReference; lastKnownFileType = sourcecode.swift; path = Localservice.swift; sourceTree = "<group>"; };
		777CBB732B2775B5000DC395 /* NetworkService.swift */ = {isa = PBXFileReference; lastKnownFileType = sourcecode.swift; path = NetworkService.swift; sourceTree = "<group>"; };
/* End PBXFileReference section */

/* Begin PBXFrameworksBuildPhase section */
		777CBB4F2B275433000DC395 /* Frameworks */ = {
			isa = PBXFrameworksBuildPhase;
			buildActionMask = 2147483647;
			files = (
			);
			runOnlyForDeploymentPostprocessing = 0;
		};
/* End PBXFrameworksBuildPhase section */

/* Begin PBXGroup section */
		777CBB492B275433000DC395 = {
			isa = PBXGroup;
			children = (
				777CBB542B275433000DC395 /* NetworkInterchangable */,
				777CBB532B275433000DC395 /* Products */,
			);
			sourceTree = "<group>";
		};
		777CBB532B275433000DC395 /* Products */ = {
			isa = PBXGroup;
			children = (
				777CBB522B275433000DC395 /* NetworkInterchangable.app */,
			);
			name = Products;
			sourceTree = "<group>";
		};
		777CBB542B275433000DC395 /* NetworkInterchangable */ = {
			isa = PBXGroup;
			children = (
				777CBB6F2B27734F000DC395 /* users.json */,
				777CBB6C2B276E0D000DC395 /* Constants */,
				777CBB692B2754AB000DC395 /* ViewModel */,
				777CBB662B275497000DC395 /* Service */,
				777CBB632B275476000DC395 /* Model */,
				777CBB552B275433000DC395 /* NetworkInterchangableApp.swift */,
				777CBB572B275433000DC395 /* ContentView.swift */,
				777CBB592B275434000DC395 /* Assets.xcassets */,
				777CBB5B2B275434000DC395 /* Preview Content */,
			);
			path = NetworkInterchangable;
			sourceTree = "<group>";
		};
		777CBB5B2B275434000DC395 /* Preview Content */ = {
			isa = PBXGroup;
			children = (
				777CBB5C2B275434000DC395 /* Preview Assets.xcassets */,
			);
			path = "Preview Content";
			sourceTree = "<group>";
		};
		777CBB632B275476000DC395 /* Model */ = {
			isa = PBXGroup;
			children = (
				777CBB642B275492000DC395 /* UserModel.swift */,
			);
			path = Model;
			sourceTree = "<group>";
		};
		777CBB662B275497000DC395 /* Service */ = {
			isa = PBXGroup;
			children = (
				777CBB672B2754A5000DC395 /* Webservice.swift */,
				777CBB712B277367000DC395 /* Localservice.swift */,
				777CBB732B2775B5000DC395 /* NetworkService.swift */,
			);
			path = Service;
			sourceTree = "<group>";
		};
		777CBB692B2754AB000DC395 /* ViewModel */ = {
			isa = PBXGroup;
			children = (
				777CBB6A2B276CFB000DC395 /* UserViewModel.swift */,
			);
			path = ViewModel;
			sourceTree = "<group>";
		};
		777CBB6C2B276E0D000DC395 /* Constants */ = {
			isa = PBXGroup;
			children = (
				777CBB6D2B276E1E000DC395 /* Constants.swift */,
			);
			path = Constants;
			sourceTree = "<group>";
		};
/* End PBXGroup section */

/* Begin PBXNativeTarget section */
		777CBB512B275433000DC395 /* NetworkInterchangable */ = {
			isa = PBXNativeTarget;
			buildConfigurationList = 777CBB602B275434000DC395 /* Build configuration list for PBXNativeTarget "NetworkInterchangable" */;
			buildPhases = (
				777CBB4E2B275433000DC395 /* Sources */,
				777CBB4F2B275433000DC395 /* Frameworks */,
				777CBB502B275433000DC395 /* Resources */,
			);
			buildRules = (
			);
			dependencies = (
			);
			name = NetworkInterchangable;
			productName = NetworkInterchangable;
			productReference = 777CBB522B275433000DC395 /* NetworkInterchangable.app */;
			productType = "com.apple.product-type.application";
		};
/* End PBXNativeTarget section */

/* Begin PBXProject section */
		777CBB4A2B275433000DC395 /* Project object */ = {
			isa = PBXProject;
			attributes = {
				BuildIndependentTargetsInParallel = 1;
				LastSwiftUpdateCheck = 1500;
				LastUpgradeCheck = 1500;
				TargetAttributes = {
					777CBB512B275433000DC395 = {
						CreatedOnToolsVersion = 15.0.1;
					};
				};
			};
			buildConfigurationList = 777CBB4D2B275433000DC395 /* Build configuration list for PBXProject "NetworkInterchangable" */;
			compatibilityVersion = "Xcode 14.0";
			developmentRegion = en;
			hasScannedForEncodings = 0;
			knownRegions = (
				en,
				Base,
			);
			mainGroup = 777CBB492B275433000DC395;
			productRefGroup = 777CBB532B275433000DC395 /* Products */;
			projectDirPath = "";
			projectRoot = "";
			targets = (
				777CBB512B275433000DC395 /* NetworkInterchangable */,
			);
		};
/* End PBXProject section */

/* Begin PBXResourcesBuildPhase section */
		777CBB502B275433000DC395 /* Resources */ = {
			isa = PBXResourcesBuildPhase;
			buildActionMask = 2147483647;
			files = (
				777CBB702B27734F000DC395 /* users.json in Resources */,
				777CBB5D2B275434000DC395 /* Preview Assets.xcassets in Resources */,
				777CBB5A2B275434000DC395 /* Assets.xcassets in Resources */,
			);
			runOnlyForDeploymentPostprocessing = 0;
		};
/* End PBXResourcesBuildPhase section */

/* Begin PBXSourcesBuildPhase section */
		777CBB4E2B275433000DC395 /* Sources */ = {
			isa = PBXSourcesBuildPhase;
			buildActionMask = 2147483647;
			files = (
				777CBB722B277367000DC395 /* Localservice.swift in Sources */,
				777CBB582B275433000DC395 /* ContentView.swift in Sources */,
				777CBB742B2775B5000DC395 /* NetworkService.swift in Sources */,
				777CBB652B275492000DC395 /* UserModel.swift in Sources */,
				777CBB682B2754A5000DC395 /* Webservice.swift in Sources */,
				777CBB6B2B276CFB000DC395 /* UserViewModel.swift in Sources */,
				777CBB562B275433000DC395 /* NetworkInterchangableApp.swift in Sources */,
				777CBB6E2B276E1E000DC395 /* Constants.swift in Sources */,
			);
			runOnlyForDeploymentPostprocessing = 0;
		};
/* End PBXSourcesBuildPhase section */

/* Begin XCBuildConfiguration section */
		777CBB5E2B275434000DC395 /* Debug */ = {
			isa = XCBuildConfiguration;
			buildSettings = {
				ALWAYS_SEARCH_USER_PATHS = NO;
				ASSETCATALOG_COMPILER_GENERATE_SWIFT_ASSET_SYMBOL_EXTENSIONS = YES;
				CLANG_ANALYZER_NONNULL = YES;
				CLANG_ANALYZER_NUMBER_OBJECT_CONVERSION = YES_AGGRESSIVE;
				CLANG_CXX_LANGUAGE_STANDARD = "gnu++20";
				CLANG_ENABLE_MODULES = YES;
				CLANG_ENABLE_OBJC_ARC = YES;
				CLANG_ENABLE_OBJC_WEAK = YES;
				CLANG_WARN_BLOCK_CAPTURE_AUTORELEASING = YES;
				CLANG_WARN_BOOL_CONVERSION = YES;
				CLANG_WARN_COMMA = YES;
				CLANG_WARN_CONSTANT_CONVERSION = YES;
				CLANG_WARN_DEPRECATED_OBJC_IMPLEMENTATIONS = YES;
				CLANG_WARN_DIRECT_OBJC_ISA_USAGE = YES_ERROR;
				CLANG_WARN_DOCUMENTATION_COMMENTS = YES;
				CLANG_WARN_EMPTY_BODY = YES;
				CLANG_WARN_ENUM_CONVERSION = YES;
				CLANG_WARN_INFINITE_RECURSION = YES;
				CLANG_WARN_INT_CONVERSION = YES;
				CLANG_WARN_NON_LITERAL_NULL_CONVERSION = YES;
				CLANG_WARN_OBJC_IMPLICIT_RETAIN_SELF = YES;
				CLANG_WARN_OBJC_LITERAL_CONVERSION = YES;
				CLANG_WARN_OBJC_ROOT_CLASS = YES_ERROR;
				CLANG_WARN_QUOTED_INCLUDE_IN_FRAMEWORK_HEADER = YES;
				CLANG_WARN_RANGE_LOOP_ANALYSIS = YES;
				CLANG_WARN_STRICT_PROTOTYPES = YES;
				CLANG_WARN_SUSPICIOUS_MOVE = YES;
				CLANG_WARN_UNGUARDED_AVAILABILITY = YES_AGGRESSIVE;
				CLANG_WARN_UNREACHABLE_CODE = YES;
				CLANG_WARN__DUPLICATE_METHOD_MATCH = YES;
				COPY_PHASE_STRIP = NO;
				DEBUG_INFORMATION_FORMAT = dwarf;
				ENABLE_STRICT_OBJC_MSGSEND = YES;
				ENABLE_TESTABILITY = YES;
				ENABLE_USER_SCRIPT_SANDBOXING = YES;
				GCC_C_LANGUAGE_STANDARD = gnu17;
				GCC_DYNAMIC_NO_PIC = NO;
				GCC_NO_COMMON_BLOCKS = YES;
				GCC_OPTIMIZATION_LEVEL = 0;
				GCC_PREPROCESSOR_DEFINITIONS = (
					"DEBUG=1",
					"$(inherited)",
				);
				GCC_WARN_64_TO_32_BIT_CONVERSION = YES;
				GCC_WARN_ABOUT_RETURN_TYPE = YES_ERROR;
				GCC_WARN_UNDECLARED_SELECTOR = YES;
				GCC_WARN_UNINITIALIZED_AUTOS = YES_AGGRESSIVE;
				GCC_WARN_UNUSED_FUNCTION = YES;
				GCC_WARN_UNUSED_VARIABLE = YES;
				IPHONEOS_DEPLOYMENT_TARGET = 17.0;
				LOCALIZATION_PREFERS_STRING_CATALOGS = YES;
				MTL_ENABLE_DEBUG_INFO = INCLUDE_SOURCE;
				MTL_FAST_MATH = YES;
				ONLY_ACTIVE_ARCH = YES;
				SDKROOT = iphoneos;
				SWIFT_ACTIVE_COMPILATION_CONDITIONS = "DEBUG $(inherited)";
				SWIFT_OPTIMIZATION_LEVEL = "-Onone";
			};
			name = Debug;
		};
		777CBB5F2B275434000DC395 /* Release */ = {
			isa = XCBuildConfiguration;
			buildSettings = {
				ALWAYS_SEARCH_USER_PATHS = NO;
				ASSETCATALOG_COMPILER_GENERATE_SWIFT_ASSET_SYMBOL_EXTENSIONS = YES;
				CLANG_ANALYZER_NONNULL = YES;
				CLANG_ANALYZER_NUMBER_OBJECT_CONVERSION = YES_AGGRESSIVE;
				CLANG_CXX_LANGUAGE_STANDARD = "gnu++20";
				CLANG_ENABLE_MODULES = YES;
				CLANG_ENABLE_OBJC_ARC = YES;
				CLANG_ENABLE_OBJC_WEAK = YES;
				CLANG_WARN_BLOCK_CAPTURE_AUTORELEASING = YES;
				CLANG_WARN_BOOL_CONVERSION = YES;
				CLANG_WARN_COMMA = YES;
				CLANG_WARN_CONSTANT_CONVERSION = YES;
				CLANG_WARN_DEPRECATED_OBJC_IMPLEMENTATIONS = YES;
				CLANG_WARN_DIRECT_OBJC_ISA_USAGE = YES_ERROR;
				CLANG_WARN_DOCUMENTATION_COMMENTS = YES;
				CLANG_WARN_EMPTY_BODY = YES;
				CLANG_WARN_ENUM_CONVERSION = YES;
				CLANG_WARN_INFINITE_RECURSION = YES;
				CLANG_WARN_INT_CONVERSION = YES;
				CLANG_WARN_NON_LITERAL_NULL_CONVERSION = YES;
				CLANG_WARN_OBJC_IMPLICIT_RETAIN_SELF = YES;
				CLANG_WARN_OBJC_LITERAL_CONVERSION = YES;
				CLANG_WARN_OBJC_ROOT_CLASS = YES_ERROR;
				CLANG_WARN_QUOTED_INCLUDE_IN_FRAMEWORK_HEADER = YES;
				CLANG_WARN_RANGE_LOOP_ANALYSIS = YES;
				CLANG_WARN_STRICT_PROTOTYPES = YES;
				CLANG_WARN_SUSPICIOUS_MOVE = YES;
				CLANG_WARN_UNGUARDED_AVAILABILITY = YES_AGGRESSIVE;
				CLANG_WARN_UNREACHABLE_CODE = YES;
				CLANG_WARN__DUPLICATE_METHOD_MATCH = YES;
				COPY_PHASE_STRIP = NO;
				DEBUG_INFORMATION_FORMAT = "dwarf-with-dsym";
				ENABLE_NS_ASSERTIONS = NO;
				ENABLE_STRICT_OBJC_MSGSEND = YES;
				ENABLE_USER_SCRIPT_SANDBOXING = YES;
				GCC_C_LANGUAGE_STANDARD = gnu17;
				GCC_NO_COMMON_BLOCKS = YES;
				GCC_WARN_64_TO_32_BIT_CONVERSION = YES;
				GCC_WARN_ABOUT_RETURN_TYPE = YES_ERROR;
				GCC_WARN_UNDECLARED_SELECTOR = YES;
				GCC_WARN_UNINITIALIZED_AUTOS = YES_AGGRESSIVE;
				GCC_WARN_UNUSED_FUNCTION = YES;
				GCC_WARN_UNUSED_VARIABLE = YES;
				IPHONEOS_DEPLOYMENT_TARGET = 17.0;
				LOCALIZATION_PREFERS_STRING_CATALOGS = YES;
				MTL_ENABLE_DEBUG_INFO = NO;
				MTL_FAST_MATH = YES;
				SDKROOT = iphoneos;
				SWIFT_COMPILATION_MODE = wholemodule;
				VALIDATE_PRODUCT = YES;
			};
			name = Release;
		};
		777CBB612B275434000DC395 /* Debug */ = {
			isa = XCBuildConfiguration;
			buildSettings = {
				ASSETCATALOG_COMPILER_APPICON_NAME = AppIcon;
				ASSETCATALOG_COMPILER_GLOBAL_ACCENT_COLOR_NAME = AccentColor;
				CODE_SIGN_STYLE = Automatic;
				CURRENT_PROJECT_VERSION = 1;
				DEVELOPMENT_ASSET_PATHS = "\"NetworkInterchangable/Preview Content\"";
				DEVELOPMENT_TEAM = 24F98Z3S44;
				ENABLE_PREVIEWS = YES;
				GENERATE_INFOPLIST_FILE = YES;
				INFOPLIST_KEY_UIApplicationSceneManifest_Generation = YES;
				INFOPLIST_KEY_UIApplicationSupportsIndirectInputEvents = YES;
				INFOPLIST_KEY_UILaunchScreen_Generation = YES;
				INFOPLIST_KEY_UISupportedInterfaceOrientations_iPad = "UIInterfaceOrientationPortrait UIInterfaceOrientationPortraitUpsideDown UIInterfaceOrientationLandscapeLeft UIInterfaceOrientationLandscapeRight";
				INFOPLIST_KEY_UISupportedInterfaceOrientations_iPhone = "UIInterfaceOrientationPortrait UIInterfaceOrientationLandscapeLeft UIInterfaceOrientationLandscapeRight";
				LD_RUNPATH_SEARCH_PATHS = (
					"$(inherited)",
					"@executable_path/Frameworks",
				);
				MARKETING_VERSION = 1.0;
				PRODUCT_BUNDLE_IDENTIFIER = com.onurcankurt.NetworkInterchangable;
				PRODUCT_NAME = "$(TARGET_NAME)";
				SWIFT_EMIT_LOC_STRINGS = YES;
				SWIFT_VERSION = 5.0;
				TARGETED_DEVICE_FAMILY = "1,2";
			};
			name = Debug;
		};
		777CBB622B275434000DC395 /* Release */ = {
			isa = XCBuildConfiguration;
			buildSettings = {
				ASSETCATALOG_COMPILER_APPICON_NAME = AppIcon;
				ASSETCATALOG_COMPILER_GLOBAL_ACCENT_COLOR_NAME = AccentColor;
				CODE_SIGN_STYLE = Automatic;
				CURRENT_PROJECT_VERSION = 1;
				DEVELOPMENT_ASSET_PATHS = "\"NetworkInterchangable/Preview Content\"";
				DEVELOPMENT_TEAM = 24F98Z3S44;
				ENABLE_PREVIEWS = YES;
				GENERATE_INFOPLIST_FILE = YES;
				INFOPLIST_KEY_UIApplicationSceneManifest_Generation = YES;
				INFOPLIST_KEY_UIApplicationSupportsIndirectInputEvents = YES;
				INFOPLIST_KEY_UILaunchScreen_Generation = YES;
				INFOPLIST_KEY_UISupportedInterfaceOrientations_iPad = "UIInterfaceOrientationPortrait UIInterfaceOrientationPortraitUpsideDown UIInterfaceOrientationLandscapeLeft UIInterfaceOrientationLandscapeRight";
				INFOPLIST_KEY_UISupportedInterfaceOrientations_iPhone = "UIInterfaceOrientationPortrait UIInterfaceOrientationLandscapeLeft UIInterfaceOrientationLandscapeRight";
				LD_RUNPATH_SEARCH_PATHS = (
					"$(inherited)",
					"@executable_path/Frameworks",
				);
				MARKETING_VERSION = 1.0;
				PRODUCT_BUNDLE_IDENTIFIER = com.onurcankurt.NetworkInterchangable;
				PRODUCT_NAME = "$(TARGET_NAME)";
				SWIFT_EMIT_LOC_STRINGS = YES;
				SWIFT_VERSION = 5.0;
				TARGETED_DEVICE_FAMILY = "1,2";
			};
			name = Release;
		};
/* End XCBuildConfiguration section */

/* Begin XCConfigurationList section */
		777CBB4D2B275433000DC395 /* Build configuration list for PBXProject "NetworkInterchangable" */ = {
			isa = XCConfigurationList;
			buildConfigurations = (
				777CBB5E2B275434000DC395 /* Debug */,
				777CBB5F2B275434000DC395 /* Release */,
			);
			defaultConfigurationIsVisible = 0;
			defaultConfigurationName = Release;
		};
		777CBB602B275434000DC395 /* Build configuration list for PBXNativeTarget "NetworkInterchangable" */ = {
			isa = XCConfigurationList;
			buildConfigurations = (
				777CBB612B275434000DC395 /* Debug */,
				777CBB622B275434000DC395 /* Release */,
			);
			defaultConfigurationIsVisible = 0;
			defaultConfigurationName = Release;
		};
/* End XCConfigurationList section */
	};
	rootObject = 777CBB4A2B275433000DC395 /* Project object */;
}
